{
  "name": "fetching-meta-data",
  "version": "1.0.0",
  "lockfileVersion": 1,
  "requires": true,
  "dependencies": {
    "colors": {
      "version": "1.4.0",
      "resolved": "https://registry.npmjs.org/colors/-/colors-1.4.0.tgz",
      "integrity": "sha512-a+UqTh4kgZg/SlGvfbzDHpgRu7AAQOmmqRHJnxhRZICKFUT91brVhNNt58CMWU9PsBbv3PDCZUHbVxuDiH2mtA=="
    },
    "tableaux": {
      "version": "1.0.1",
      "resolved": "https://registry.npmjs.org/tableaux/-/tableaux-1.0.1.tgz",
      "integrity": "sha1-Pxbw6I4LW+dFSgMpDKlsfwscd7I=",
      "requires": {
        "zygon": "^0.1.0"
      }
    },
    "zygon": {
      "version": "0.1.0",
      "resolved": "https://registry.npmjs.org/zygon/-/zygon-0.1.0.tgz",
      "integrity": "sha1-SaAr6NtxnMMu6ellG6y0uJaU3Nc=",
      "requires": {
        "colors": "^1.1.2"
      }
    }
  }
}
